
Microsoft Visual Studio Solution File, Format Version 12.00
# Visual Studio Version 16
VisualStudioVersion = 16.0.33529.622
MinimumVisualStudioVersion = 10.0.40219.1
Project("{FAE04EC0-301F-11D3-BF4B-00C04F79EFBC}") = "Problem01", "Problem01\Problem01.csproj", "{53C66CF5-C4F6-41B1-96F6-378EB5BA5490}"
EndProject
Global
	GlobalSection(SolutionConfigurationPlatforms) = preSolution
		Debug|Any CPU = Debug|Any CPU
		Release|Any CPU = Release|Any CPU
	EndGlobalSection
	GlobalSection(ProjectConfigurationPlatforms) = postSolution
		{53C66CF5-C4F6-41B1-96F6-378EB5BA5490}.Debug|Any CPU.ActiveCfg = Debug|Any CPU
		{53C66CF5-C4F6-41B1-96F6-378EB5BA5490}.Debug|Any CPU.Build.0 = Debug|Any CPU
		{53C66CF5-C4F6-41B1-96F6-378EB5BA5490}.Release|Any CPU.ActiveCfg = Release|Any CPU
		{53C66CF5-C4F6-41B1-96F6-378EB5BA5490}.Release|Any CPU.Build.0 = Release|Any CPU
	EndGlobalSection
	GlobalSection(SolutionProperties) = preSolution
		HideSolutionNode = FALSE
	EndGlobalSection
	GlobalSection(ExtensibilityGlobals) = postSolution
		SolutionGuid = {1298FBC1-5D9D-4F7A-B9C1-B8C8CB7C281F}
	EndGlobalSection
EndGlobal
