
Microsoft Visual Studio Solution File, Format Version 12.00
# Visual Studio Version 16
VisualStudioVersion = 16.0.33529.622
MinimumVisualStudioVersion = 10.0.40219.1
Project("{FAE04EC0-301F-11D3-BF4B-00C04F79EFBC}") = "Chanllenge01", "Chanllenge01\Chanllenge01.csproj", "{FD5A9543-D805-4A3F-93F0-FF8E47B21657}"
EndProject
Global
	GlobalSection(SolutionConfigurationPlatforms) = preSolution
		Debug|Any CPU = Debug|Any CPU
		Release|Any CPU = Release|Any CPU
	EndGlobalSection
	GlobalSection(ProjectConfigurationPlatforms) = postSolution
		{FD5A9543-D805-4A3F-93F0-FF8E47B21657}.Debug|Any CPU.ActiveCfg = Debug|Any CPU
		{FD5A9543-D805-4A3F-93F0-FF8E47B21657}.Debug|Any CPU.Build.0 = Debug|Any CPU
		{FD5A9543-D805-4A3F-93F0-FF8E47B21657}.Release|Any CPU.ActiveCfg = Release|Any CPU
		{FD5A9543-D805-4A3F-93F0-FF8E47B21657}.Release|Any CPU.Build.0 = Release|Any CPU
	EndGlobalSection
	GlobalSection(SolutionProperties) = preSolution
		HideSolutionNode = FALSE
	EndGlobalSection
	GlobalSection(ExtensibilityGlobals) = postSolution
		SolutionGuid = {952D0349-B6B9-4AD4-A45A-C839FD72273F}
	EndGlobalSection
EndGlobal
