
Microsoft Visual Studio Solution File, Format Version 12.00
# Visual Studio Version 16
VisualStudioVersion = 16.0.33423.256
MinimumVisualStudioVersion = 10.0.40219.1
Project("{FAE04EC0-301F-11D3-BF4B-00C04F79EFBC}") = "SMS", "SMS\SMS.csproj", "{0E9FC494-FE44-4A67-B6E2-857FC97E6AC6}"
EndProject
Global
	GlobalSection(SolutionConfigurationPlatforms) = preSolution
		Debug|Any CPU = Debug|Any CPU
		Release|Any CPU = Release|Any CPU
	EndGlobalSection
	GlobalSection(ProjectConfigurationPlatforms) = postSolution
		{0E9FC494-FE44-4A67-B6E2-857FC97E6AC6}.Debug|Any CPU.ActiveCfg = Debug|Any CPU
		{0E9FC494-FE44-4A67-B6E2-857FC97E6AC6}.Debug|Any CPU.Build.0 = Debug|Any CPU
		{0E9FC494-FE44-4A67-B6E2-857FC97E6AC6}.Release|Any CPU.ActiveCfg = Release|Any CPU
		{0E9FC494-FE44-4A67-B6E2-857FC97E6AC6}.Release|Any CPU.Build.0 = Release|Any CPU
	EndGlobalSection
	GlobalSection(SolutionProperties) = preSolution
		HideSolutionNode = FALSE
	EndGlobalSection
	GlobalSection(ExtensibilityGlobals) = postSolution
		SolutionGuid = {7CAF42CB-226B-4545-8DFC-C9DC012BB7B5}
	EndGlobalSection
EndGlobal
