
Microsoft Visual Studio Solution File, Format Version 12.00
# Visual Studio Version 16
VisualStudioVersion = 16.0.33529.622
MinimumVisualStudioVersion = 10.0.40219.1
Project("{FAE04EC0-301F-11D3-BF4B-00C04F79EFBC}") = "Problem01", "Problem01\Problem01.csproj", "{788D2705-C0EE-4C85-8C23-D069330EA7F2}"
EndProject
Global
	GlobalSection(SolutionConfigurationPlatforms) = preSolution
		Debug|Any CPU = Debug|Any CPU
		Release|Any CPU = Release|Any CPU
	EndGlobalSection
	GlobalSection(ProjectConfigurationPlatforms) = postSolution
		{788D2705-C0EE-4C85-8C23-D069330EA7F2}.Debug|Any CPU.ActiveCfg = Debug|Any CPU
		{788D2705-C0EE-4C85-8C23-D069330EA7F2}.Debug|Any CPU.Build.0 = Debug|Any CPU
		{788D2705-C0EE-4C85-8C23-D069330EA7F2}.Release|Any CPU.ActiveCfg = Release|Any CPU
		{788D2705-C0EE-4C85-8C23-D069330EA7F2}.Release|Any CPU.Build.0 = Release|Any CPU
	EndGlobalSection
	GlobalSection(SolutionProperties) = preSolution
		HideSolutionNode = FALSE
	EndGlobalSection
	GlobalSection(ExtensibilityGlobals) = postSolution
		SolutionGuid = {7FD85BD1-0924-4630-91B5-71218E8B3539}
	EndGlobalSection
EndGlobal
