
Microsoft Visual Studio Solution File, Format Version 12.00
# Visual Studio Version 16
VisualStudioVersion = 16.0.33423.256
MinimumVisualStudioVersion = 10.0.40219.1
Project("{FAE04EC0-301F-11D3-BF4B-00C04F79EFBC}") = "Challanges", "Challanges\Challanges.csproj", "{61A789FE-62FF-46DA-9A37-BE0FBFE14373}"
EndProject
Global
	GlobalSection(SolutionConfigurationPlatforms) = preSolution
		Debug|Any CPU = Debug|Any CPU
		Release|Any CPU = Release|Any CPU
	EndGlobalSection
	GlobalSection(ProjectConfigurationPlatforms) = postSolution
		{61A789FE-62FF-46DA-9A37-BE0FBFE14373}.Debug|Any CPU.ActiveCfg = Debug|Any CPU
		{61A789FE-62FF-46DA-9A37-BE0FBFE14373}.Debug|Any CPU.Build.0 = Debug|Any CPU
		{61A789FE-62FF-46DA-9A37-BE0FBFE14373}.Release|Any CPU.ActiveCfg = Release|Any CPU
		{61A789FE-62FF-46DA-9A37-BE0FBFE14373}.Release|Any CPU.Build.0 = Release|Any CPU
	EndGlobalSection
	GlobalSection(SolutionProperties) = preSolution
		HideSolutionNode = FALSE
	EndGlobalSection
	GlobalSection(ExtensibilityGlobals) = postSolution
		SolutionGuid = {4C36760B-7A72-4907-BB69-1C30FB5B6F99}
	EndGlobalSection
EndGlobal
