
Microsoft Visual Studio Solution File, Format Version 12.00
# Visual Studio Version 16
VisualStudioVersion = 16.0.33529.622
MinimumVisualStudioVersion = 10.0.40219.1
Project("{FAE04EC0-301F-11D3-BF4B-00C04F79EFBC}") = "Problem02", "Problem02\Problem02.csproj", "{BED161A2-334B-455F-92CC-5E6B9CEC0ADA}"
EndProject
Global
	GlobalSection(SolutionConfigurationPlatforms) = preSolution
		Debug|Any CPU = Debug|Any CPU
		Release|Any CPU = Release|Any CPU
	EndGlobalSection
	GlobalSection(ProjectConfigurationPlatforms) = postSolution
		{BED161A2-334B-455F-92CC-5E6B9CEC0ADA}.Debug|Any CPU.ActiveCfg = Debug|Any CPU
		{BED161A2-334B-455F-92CC-5E6B9CEC0ADA}.Debug|Any CPU.Build.0 = Debug|Any CPU
		{BED161A2-334B-455F-92CC-5E6B9CEC0ADA}.Release|Any CPU.ActiveCfg = Release|Any CPU
		{BED161A2-334B-455F-92CC-5E6B9CEC0ADA}.Release|Any CPU.Build.0 = Release|Any CPU
	EndGlobalSection
	GlobalSection(SolutionProperties) = preSolution
		HideSolutionNode = FALSE
	EndGlobalSection
	GlobalSection(ExtensibilityGlobals) = postSolution
		SolutionGuid = {F5E9BEC4-5073-4507-B675-640584261302}
	EndGlobalSection
EndGlobal
